// !$*UTF8*$!
{
	archiveVersion = 1;
	classes = {
	};
	objectVersion = 46;
	objects = {

/* Begin PBXBuildFile section */
		048B6CAA1D2511DE00E76AD2 /* main.m in Sources */ = {isa = PBXBuildFile; fileRef = 048B6CA91D2511DE00E76AD2 /* main.m */; };
		048B6CAD1D2511DE00E76AD2 /* AppDelegate.m in Sources */ = {isa = PBXBuildFile; fileRef = 048B6CAC1D2511DE00E76AD2 /* AppDelegate.m */; };
		048B6CB01D2511DE00E76AD2 /* ViewController.m in Sources */ = {isa = PBXBuildFile; fileRef = 048B6CAF1D2511DE00E76AD2 /* ViewController.m */; };
		048B6CB31D2511DE00E76AD2 /* Main.storyboard in Resources */ = {isa = PBXBuildFile; fileRef = 048B6CB11D2511DE00E76AD2 /* Main.storyboard */; };
		048B6CB51D2511DE00E76AD2 /* Assets.xcassets in Resources */ = {isa = PBXBuildFile; fileRef = 048B6CB41D2511DE00E76AD2 /* Assets.xcassets */; };
		048B6CB81D2511DE00E76AD2 /* LaunchScreen.storyboard in Resources */ = {isa = PBXBuildFile; fileRef = 048B6CB61D2511DE00E76AD2 /* LaunchScreen.storyboard */; };
/* End PBXBuildFile section */

/* Begin PBXFileReference section */
		048B6CA51D2511DE00E76AD2 /* XMGDemo2.app */ = {isa = PBXFileReference; explicitFileType = wrapper.application; includeInIndex = 0; path = XMGDemo2.app; sourceTree = BUILT_PRODUCTS_DIR; };
		048B6CA91D2511DE00E76AD2 /* main.m */ = {isa = PBXFileReference; lastKnownFileType = sourcecode.c.objc; path = main.m; sourceTree = "<group>"; };
		048B6CAB1D2511DE00E76AD2 /* AppDelegate.h */ = {isa = PBXFileReference; lastKnownFileType = sourcecode.c.h; path = AppDelegate.h; sourceTree = "<group>"; };
		048B6CAC1D2511DE00E76AD2 /* AppDelegate.m */ = {isa = PBXFileReference; lastKnownFileType = sourcecode.c.objc; path = AppDelegate.m; sourceTree = "<group>"; };
		048B6CAE1D2511DE00E76AD2 /* ViewController.h */ = {isa = PBXFileReference; lastKnownFileType = sourcecode.c.h; path = ViewController.h; sourceTree = "<group>"; };
		048B6CAF1D2511DE00E76AD2 /* ViewController.m */ = {isa = PBXFileReference; lastKnownFileType = sourcecode.c.objc; path = ViewController.m; sourceTree = "<group>"; };
		048B6CB21D2511DE00E76AD2 /* Base */ = {isa = PBXFileReference; lastKnownFileType = file.storyboard; name = Base; path = Base.lproj/Main.storyboard; sourceTree = "<group>"; };
		048B6CB41D2511DE00E76AD2 /* Assets.xcassets */ = {isa = PBXFileReference; lastKnownFileType = folder.assetcatalog; path = Assets.xcassets; sourceTree = "<group>"; };
		048B6CB71D2511DE00E76AD2 /* Base */ = {isa = PBXFileReference; lastKnownFileType = file.storyboard; name = Base; path = Base.lproj/LaunchScreen.storyboard; sourceTree = "<group>"; };
		048B6CB91D2511DE00E76AD2 /* Info.plist */ = {isa = PBXFileReference; lastKnownFileType = text.plist.xml; path = Info.plist; sourceTree = "<group>"; };
/* End PBXFileReference section */

/* Begin PBXFrameworksBuildPhase section */
		048B6CA21D2511DE00E76AD2 /* Frameworks */ = {
			isa = PBXFrameworksBuildPhase;
			buildActionMask = 2147483647;
			files = (
			);
			runOnlyForDeploymentPostprocessing = 0;
		};
/* End PBXFrameworksBuildPhase section */

/* Begin PBXGroup section */
		048B6C9C1D2511DE00E76AD2 = {
			isa = PBXGroup;
			children = (
				048B6CA71D2511DE00E76AD2 /* XMGDemo2 */,
				048B6CA61D2511DE00E76AD2 /* Products */,
			);
			sourceTree = "<group>";
		};
		048B6CA61D2511DE00E76AD2 /* Products */ = {
			isa = PBXGroup;
			children = (
				048B6CA51D2511DE00E76AD2 /* XMGDemo2.app */,
			);
			name = Products;
			sourceTree = "<group>";
		};
		048B6CA71D2511DE00E76AD2 /* XMGDemo2 */ = {
			isa = PBXGroup;
			children = (
				048B6CAB1D2511DE00E76AD2 /* AppDelegate.h */,
				048B6CAC1D2511DE00E76AD2 /* AppDelegate.m */,
				048B6CAE1D2511DE00E76AD2 /* ViewController.h */,
				048B6CAF1D2511DE00E76AD2 /* ViewController.m */,
				048B6CB11D2511DE00E76AD2 /* Main.storyboard */,
				048B6CB41D2511DE00E76AD2 /* Assets.xcassets */,
				048B6CB61D2511DE00E76AD2 /* LaunchScreen.storyboard */,
				048B6CB91D2511DE00E76AD2 /* Info.plist */,
				048B6CA81D2511DE00E76AD2 /* Supporting Files */,
			);
			path = XMGDemo2;
			sourceTree = "<group>";
		};
		048B6CA81D2511DE00E76AD2 /* Supporting Files */ = {
			isa = PBXGroup;
			children = (
				048B6CA91D2511DE00E76AD2 /* main.m */,
			);
			name = "Supporting Files";
			sourceTree = "<group>";
		};
/* End PBXGroup section */

/* Begin PBXNativeTarget section */
		048B6CA41D2511DE00E76AD2 /* XMGDemo2 */ = {
			isa = PBXNativeTarget;
			buildConfigurationList = 048B6CBC1D2511DE00E76AD2 /* Build configuration list for PBXNativeTarget "XMGDemo2" */;
			buildPhases = (
				048B6CA11D2511DE00E76AD2 /* Sources */,
				048B6CA21D2511DE00E76AD2 /* Frameworks */,
				048B6CA31D2511DE00E76AD2 /* Resources */,
			);
			buildRules = (
			);
			dependencies = (
			);
			name = XMGDemo2;
			productName = XMGDemo2;
			productReference = 048B6CA51D2511DE00E76AD2 /* XMGDemo2.app */;
			productType = "com.apple.product-type.application";
		};
/* End PBXNativeTarget section */

/* Begin PBXProject section */
		048B6C9D1D2511DE00E76AD2 /* Project object */ = {
			isa = PBXProject;
			attributes = {
				LastUpgradeCheck = 0730;
				ORGANIZATIONNAME = xiaomage;
				TargetAttributes = {
					048B6CA41D2511DE00E76AD2 = {
						CreatedOnToolsVersion = 7.3;
					};
				};
			};
			buildConfigurationList = 048B6CA01D2511DE00E76AD2 /* Build configuration list for PBXProject "XMGDemo2" */;
			compatibilityVersion = "Xcode 3.2";
			developmentRegion = English;
			hasScannedForEncodings = 0;
			knownRegions = (
				en,
				Base,
			);
			mainGroup = 048B6C9C1D2511DE00E76AD2;
			productRefGroup = 048B6CA61D2511DE00E76AD2 /* Products */;
			projectDirPath = "";
			projectRoot = "";
			targets = (
				048B6CA41D2511DE00E76AD2 /* XMGDemo2 */,
			);
		};
/* End PBXProject section */

/* Begin PBXResourcesBuildPhase section */
		048B6CA31D2511DE00E76AD2 /* Resources */ = {
			isa = PBXResourcesBuildPhase;
			buildActionMask = 2147483647;
			files = (
				048B6CB81D2511DE00E76AD2 /* LaunchScreen.storyboard in Resources */,
				048B6CB51D2511DE00E76AD2 /* Assets.xcassets in Resources */,
				048B6CB31D2511DE00E76AD2 /* Main.storyboard in Resources */,
			);
			runOnlyForDeploymentPostprocessing = 0;
		};
/* End PBXResourcesBuildPhase section */

/* Begin PBXSourcesBuildPhase section */
		048B6CA11D2511DE00E76AD2 /* Sources */ = {
			isa = PBXSourcesBuildPhase;
			buildActionMask = 2147483647;
			files = (
				048B6CB01D2511DE00E76AD2 /* ViewController.m in Sources */,
				048B6CAD1D2511DE00E76AD2 /* AppDelegate.m in Sources */,
				048B6CAA1D2511DE00E76AD2 /* main.m in Sources */,
			);
			runOnlyForDeploymentPostprocessing = 0;
		};
/* End PBXSourcesBuildPhase section */

/* Begin PBXVariantGroup section */
		048B6CB11D2511DE00E76AD2 /* Main.storyboard */ = {
			isa = PBXVariantGroup;
			children = (
				048B6CB21D2511DE00E76AD2 /* Base */,
			);
			name = Main.storyboard;
			sourceTree = "<group>";
		};
		048B6CB61D2511DE00E76AD2 /* LaunchScreen.storyboard */ = {
			isa = PBXVariantGroup;
			children = (
				048B6CB71D2511DE00E76AD2 /* Base */,
			);
			name = LaunchScreen.storyboard;
			sourceTree = "<group>";
		};
/* End PBXVariantGroup section */

/* Begin XCBuildConfiguration section */
		048B6CBA1D2511DE00E76AD2 /* Debug */ = {
			isa = XCBuildConfiguration;
			buildSettings = {
				ALWAYS_SEARCH_USER_PATHS = NO;
				CLANG_ANALYZER_NONNULL = YES;
				CLANG_CXX_LANGUAGE_STANDARD = "gnu++0x";
				CLANG_CXX_LIBRARY = "libc++";
				CLANG_ENABLE_MODULES = YES;
				CLANG_ENABLE_OBJC_ARC = YES;
				CLANG_WARN_BOOL_CONVERSION = YES;
				CLANG_WARN_CONSTANT_CONVERSION = YES;
				CLANG_WARN_DIRECT_OBJC_ISA_USAGE = YES_ERROR;
				CLANG_WARN_EMPTY_BODY = YES;
				CLANG_WARN_ENUM_CONVERSION = YES;
				CLANG_WARN_INT_CONVERSION = YES;
				CLANG_WARN_OBJC_ROOT_CLASS = YES_ERROR;
				CLANG_WARN_UNREACHABLE_CODE = YES;
				CLANG_WARN__DUPLICATE_METHOD_MATCH = YES;
				"CODE_SIGN_IDENTITY[sdk=iphoneos*]" = "iPhone Developer";
				COPY_PHASE_STRIP = NO;
				DEBUG_INFORMATION_FORMAT = dwarf;
				ENABLE_STRICT_OBJC_MSGSEND = YES;
				ENABLE_TESTABILITY = YES;
				GCC_C_LANGUAGE_STANDARD = gnu99;
				GCC_DYNAMIC_NO_PIC = NO;
				GCC_NO_COMMON_BLOCKS = YES;
				GCC_OPTIMIZATION_LEVEL = 0;
				GCC_PREPROCESSOR_DEFINITIONS = (
					"DEBUG=1",
					"$(inherited)",
				);
				GCC_WARN_64_TO_32_BIT_CONVERSION = YES;
				GCC_WARN_ABOUT_RETURN_TYPE = YES_ERROR;
				GCC_WARN_UNDECLARED_SELECTOR = YES;
				GCC_WARN_UNINITIALIZED_AUTOS = YES_AGGRESSIVE;
				GCC_WARN_UNUSED_FUNCTION = YES;
				GCC_WARN_UNUSED_VARIABLE = YES;
				IPHONEOS_DEPLOYMENT_TARGET = 9.3;
				MTL_ENABLE_DEBUG_INFO = YES;
				ONLY_ACTIVE_ARCH = YES;
				SDKROOT = iphoneos;
			};
			name = Debug;
		};
		048B6CBB1D2511DE00E76AD2 /* Release */ = {
			isa = XCBuildConfiguration;
			buildSettings = {
				ALWAYS_SEARCH_USER_PATHS = NO;
				CLANG_ANALYZER_NONNULL = YES;
				CLANG_CXX_LANGUAGE_STANDARD = "gnu++0x";
				CLANG_CXX_LIBRARY = "libc++";
				CLANG_ENABLE_MODULES = YES;
				CLANG_ENABLE_OBJC_ARC = YES;
				CLANG_WARN_BOOL_CONVERSION = YES;
				CLANG_WARN_CONSTANT_CONVERSION = YES;
				CLANG_WARN_DIRECT_OBJC_ISA_USAGE = YES_ERROR;
				CLANG_WARN_EMPTY_BODY = YES;
				CLANG_WARN_ENUM_CONVERSION = YES;
				CLANG_WARN_INT_CONVERSION = YES;
				CLANG_WARN_OBJC_ROOT_CLASS = YES_ERROR;
				CLANG_WARN_UNREACHABLE_CODE = YES;
				CLANG_WARN__DUPLICATE_METHOD_MATCH = YES;
				"CODE_SIGN_IDENTITY[sdk=iphoneos*]" = "iPhone Developer";
				COPY_PHASE_STRIP = NO;
				DEBUG_INFORMATION_FORMAT = "dwarf-with-dsym";
				ENABLE_NS_ASSERTIONS = NO;
				ENABLE_STRICT_OBJC_MSGSEND = YES;
				GCC_C_LANGUAGE_STANDARD = gnu99;
				GCC_NO_COMMON_BLOCKS = YES;
				GCC_WARN_64_TO_32_BIT_CONVERSION = YES;
				GCC_WARN_ABOUT_RETURN_TYPE = YES_ERROR;
				GCC_WARN_UNDECLARED_SELECTOR = YES;
				GCC_WARN_UNINITIALIZED_AUTOS = YES_AGGRESSIVE;
				GCC_WARN_UNUSED_FUNCTION = YES;
				GCC_WARN_UNUSED_VARIABLE = YES;
				IPHONEOS_DEPLOYMENT_TARGET = 9.3;
				MTL_ENABLE_DEBUG_INFO = NO;
				SDKROOT = iphoneos;
				VALIDATE_PRODUCT = YES;
			};
			name = Release;
		};
		048B6CBD1D2511DE00E76AD2 /* Debug */ = {
			isa = XCBuildConfiguration;
			buildSettings = {
				ASSETCATALOG_COMPILER_APPICON_NAME = AppIcon;
				INFOPLIST_FILE = XMGDemo2/Info.plist;
				LD_RUNPATH_SEARCH_PATHS = "$(inherited) @executable_path/Frameworks";
				PRODUCT_BUNDLE_IDENTIFIER = com.520it.XMGDemo2;
				PRODUCT_NAME = "$(TARGET_NAME)";
			};
			name = Debug;
		};
		048B6CBE1D2511DE00E76AD2 /* Release */ = {
			isa = XCBuildConfiguration;
			buildSettings = {
				ASSETCATALOG_COMPILER_APPICON_NAME = AppIcon;
				INFOPLIST_FILE = XMGDemo2/Info.plist;
				LD_RUNPATH_SEARCH_PATHS = "$(inherited) @executable_path/Frameworks";
				PRODUCT_BUNDLE_IDENTIFIER = com.520it.XMGDemo2;
				PRODUCT_NAME = "$(TARGET_NAME)";
			};
			name = Release;
		};
/* End XCBuildConfiguration section */

/* Begin XCConfigurationList section */
		048B6CA01D2511DE00E76AD2 /* Build configuration list for PBXProject "XMGDemo2" */ = {
			isa = XCConfigurationList;
			buildConfigurations = (
				048B6CBA1D2511DE00E76AD2 /* Debug */,
				048B6CBB1D2511DE00E76AD2 /* Release */,
			);
			defaultConfigurationIsVisible = 0;
			defaultConfigurationName = Release;
		};
		048B6CBC1D2511DE00E76AD2 /* Build configuration list for PBXNativeTarget "XMGDemo2" */ = {
			isa = XCConfigurationList;
			buildConfigurations = (
				048B6CBD1D2511DE00E76AD2 /* Debug */,
				048B6CBE1D2511DE00E76AD2 /* Release */,
			);
			defaultConfigurationIsVisible = 0;
		};
/* End XCConfigurationList section */
	};
	rootObject = 048B6C9D1D2511DE00E76AD2 /* Project object */;
}
